
Microsoft Visual Studio Solution File, Format Version 12.00
# Visual Studio Version 17
VisualStudioVersion = 17.14.36623.8 d17.14
MinimumVisualStudioVersion = 10.0.40219.1
Project("{FAE04EC0-301F-11D3-BF4B-00C04F79EFBC}") = "FileSearchApp", "FileSearchApp.csproj", "{BD6DCE66-6514-3525-5910-A7D5591787B9}"
EndProject
Global
	GlobalSection(SolutionConfigurationPlatforms) = preSolution
		Debug|Any CPU = Debug|Any CPU
		Release|Any CPU = Release|Any CPU
	EndGlobalSection
	GlobalSection(ProjectConfigurationPlatforms) = postSolution
		{BD6DCE66-6514-3525-5910-A7D5591787B9}.Debug|Any CPU.ActiveCfg = Debug|Any CPU
		{BD6DCE66-6514-3525-5910-A7D5591787B9}.Debug|Any CPU.Build.0 = Debug|Any CPU
		{BD6DCE66-6514-3525-5910-A7D5591787B9}.Release|Any CPU.ActiveCfg = Release|Any CPU
		{BD6DCE66-6514-3525-5910-A7D5591787B9}.Release|Any CPU.Build.0 = Release|Any CPU
	EndGlobalSection
	GlobalSection(SolutionProperties) = preSolution
		HideSolutionNode = FALSE
	EndGlobalSection
	GlobalSection(ExtensibilityGlobals) = postSolution
		SolutionGuid = {90DC51E0-AF14-4524-B971-A1BDC32FEAF5}
	EndGlobalSection
EndGlobal
